
Microsoft Visual Studio Solution File, Format Version 12.00
Project("{FAE04EC0-301F-11D3-BF4B-00C04F79EFBC}") = "ConsoleApp2", "ConsoleApp2\ConsoleApp2.csproj", "{D004AA26-FE8F-4892-B40E-97E4CC7FD49E}"
EndProject
Global
	GlobalSection(SolutionConfigurationPlatforms) = preSolution
		Debug|Any CPU = Debug|Any CPU
		Release|Any CPU = Release|Any CPU
	EndGlobalSection
	GlobalSection(ProjectConfigurationPlatforms) = postSolution
		{D004AA26-FE8F-4892-B40E-97E4CC7FD49E}.Debug|Any CPU.ActiveCfg = Debug|Any CPU
		{D004AA26-FE8F-4892-B40E-97E4CC7FD49E}.Debug|Any CPU.Build.0 = Debug|Any CPU
		{D004AA26-FE8F-4892-B40E-97E4CC7FD49E}.Release|Any CPU.ActiveCfg = Release|Any CPU
		{D004AA26-FE8F-4892-B40E-97E4CC7FD49E}.Release|Any CPU.Build.0 = Release|Any CPU
	EndGlobalSection
EndGlobal
